{
  "name": "bdd_cucumber",
  "version": "1.0.0",
  "lockfileVersion": 1,
  "requires": true,
  "dependencies": {
    "@types/color-name": {
      "version": "1.1.1",
      "resolved": "https://registry.npmjs.org/@types/color-name/-/color-name-1.1.1.tgz",
      "integrity": "sha512-rr+OQyAjxze7GgWrSaJwydHStIhHq2lvY3BOC2Mj7KnzI7XK0Uw1TOOdI9lDoajEbSWLiYgoo4f1R51erQfhPQ=="
    },
    "ansi-styles": {
      "version": "4.2.1",
      "resolved": "https://registry.npmjs.org/ansi-styles/-/ansi-styles-4.2.1.tgz",
      "integrity": "sha512-9VGjrMsG1vePxcSweQsN20KY/c4zN0h9fLjqAbwbPfahM3t+NL+M9HC8xeXG2I8pX5NoamTGNuomEUFI7fcUjA==",
      "requires": {
        "@types/color-name": "^1.1.1",
        "color-convert": "^2.0.1"
      }
    },
    "balanced-match": {
      "version": "1.0.0",
      "resolved": "https://registry.npmjs.org/balanced-match/-/balanced-match-1.0.0.tgz",
      "integrity": "sha1-ibTRmasr7kneFk6gK4nORi1xt2c="
    },
    "brace-expansion": {
      "version": "1.1.11",
      "resolved": "https://registry.npmjs.org/brace-expansion/-/brace-expansion-1.1.11.tgz",
      "integrity": "sha512-iCuPHDFgrHX7H2vEI/5xpz07zSHB00TpugqhmYtVmMO6518mCuRMoOYFldEBl0g187ufozdaHgWKcYFb61qGiA==",
      "requires": {
        "balanced-match": "^1.0.0",
        "concat-map": "0.0.1"
      }
    },
    "camel-case": {
      "version": "3.0.0",
      "resolved": "https://registry.npmjs.org/camel-case/-/camel-case-3.0.0.tgz",
      "integrity": "sha1-yjw2iKTpzzpM2nd9xNy8cTJJz3M=",
      "requires": {
        "no-case": "^2.2.0",
        "upper-case": "^1.1.1"
      }
    },
    "chalk": {
      "version": "3.0.0",
      "resolved": "https://registry.npmjs.org/chalk/-/chalk-3.0.0.tgz",
      "integrity": "sha512-4D3B6Wf41KOYRFdszmDqMCGq5VV/uMAB273JILmO+3jAlh8X4qDtdtgCR3fxtbLEMzSx22QdhnDcJvu2u1fVwg==",
      "requires": {
        "ansi-styles": "^4.1.0",
        "supports-color": "^7.1.0"
      }
    },
    "cli-table": {
      "version": "0.3.1",
      "resolved": "https://registry.npmjs.org/cli-table/-/cli-table-0.3.1.tgz",
      "integrity": "sha1-9TsFJmqLGguTSz0IIebi3FkUriM=",
      "requires": {
        "colors": "1.0.3"
      },
      "dependencies": {
        "colors": {
          "version": "1.0.3",
          "resolved": "https://registry.npmjs.org/colors/-/colors-1.0.3.tgz",
          "integrity": "sha1-BDP0TYCWgP3rYO0mDxsMJi6CpAs="
        }
      }
    },
    "co": {
      "version": "4.6.0",
      "resolved": "https://registry.npmjs.org/co/-/co-4.6.0.tgz",
      "integrity": "sha1-bqa989hTrlTMuOR7+gvz+QMfsYQ="
    },
    "color-convert": {
      "version": "2.0.1",
      "resolved": "https://registry.npmjs.org/color-convert/-/color-convert-2.0.1.tgz",
      "integrity": "sha512-RRECPsj7iu/xb5oKYcsFHSppFNnsj/52OVTRKb4zP5onXwVF3zVmmToNcOfGC+CRDpfK/U584fMg38ZHCaElKQ==",
      "requires": {
        "color-name": "~1.1.4"
      }
    },
    "color-name": {
      "version": "1.1.4",
      "resolved": "https://registry.npmjs.org/color-name/-/color-name-1.1.4.tgz",
      "integrity": "sha512-dOy+3AuW3a2wNbZHIuMZpTcgjGuLU/uBL/ubcZF9OXbDo8ff4O8yVp5Bf0efS8uEoYo5q4Fx7dY9OgQGXgAsQA=="
    },
    "colors": {
      "version": "1.4.0",
      "resolved": "https://registry.npmjs.org/colors/-/colors-1.4.0.tgz",
      "integrity": "sha512-a+UqTh4kgZg/SlGvfbzDHpgRu7AAQOmmqRHJnxhRZICKFUT91brVhNNt58CMWU9PsBbv3PDCZUHbVxuDiH2mtA=="
    },
    "commander": {
      "version": "2.20.3",
      "resolved": "https://registry.npmjs.org/commander/-/commander-2.20.3.tgz",
      "integrity": "sha512-GpVkmM8vF2vQUkj2LvZmD35JxeJOLCwJ9cUkugyk2nuhbv3+mJvpLYYt+0+USMxE+oj+ey/lJEnhZw75x/OMcQ=="
    },
    "concat-map": {
      "version": "0.0.1",
      "resolved": "https://registry.npmjs.org/concat-map/-/concat-map-0.0.1.tgz",
      "integrity": "sha1-2Klr13/Wjfd5OnMDajug1UBdR3s="
    },
    "cucumber": {
      "version": "1.3.2",
      "resolved": "https://registry.npmjs.org/cucumber/-/cucumber-1.3.2.tgz",
      "integrity": "sha1-BclFkKtiXAh5KmAXpHe0y6mbgUk=",
      "requires": {
        "camel-case": "^3.0.0",
        "cli-table": "^0.3.1",
        "co": "^4.6.0",
        "colors": "^1.1.2",
        "commander": "^2.9.0",
        "duration": "^0.2.0",
        "figures": "1.7.0",
        "gherkin": "^4.1.0",
        "glob": "^7.0.0",
        "is-generator": "^1.0.2",
        "lodash": "^4.0.0",
        "stack-chain": "^1.3.5",
        "stacktrace-js": "^1.3.0"
      }
    },
    "d": {
      "version": "1.0.1",
      "resolved": "https://registry.npmjs.org/d/-/d-1.0.1.tgz",
      "integrity": "sha512-m62ShEObQ39CfralilEQRjH6oAMtNCV1xJyEx5LpRYUVN+EviphDgUc/F3hnYbADmkiNs67Y+3ylmlG7Lnu+FA==",
      "requires": {
        "es5-ext": "^0.10.50",
        "type": "^1.0.1"
      }
    },
    "debug": {
      "version": "3.2.6",
      "resolved": "https://registry.npmjs.org/debug/-/debug-3.2.6.tgz",
      "integrity": "sha512-mel+jf7nrtEl5Pn1Qx46zARXKDpBbvzezse7p7LqINmdoIk8PYP5SySaxEmYv6TZ0JyEKA1hsCId6DIhgITtWQ==",
      "requires": {
        "ms": "^2.1.1"
      }
    },
    "duration": {
      "version": "0.2.2",
      "resolved": "https://registry.npmjs.org/duration/-/duration-0.2.2.tgz",
      "integrity": "sha512-06kgtea+bGreF5eKYgI/36A6pLXggY7oR4p1pq4SmdFBn1ReOL5D8RhG64VrqfTTKNucqqtBAwEj8aB88mcqrg==",
      "requires": {
        "d": "1",
        "es5-ext": "~0.10.46"
      }
    },
    "error-stack-parser": {
      "version": "1.3.6",
      "resolved": "https://registry.npmjs.org/error-stack-parser/-/error-stack-parser-1.3.6.tgz",
      "integrity": "sha1-4Oc7k+QXE40c18C3RrGkoUhUwpI=",
      "requires": {
        "stackframe": "^0.3.1"
      }
    },
    "es5-ext": {
      "version": "0.10.53",
      "resolved": "https://registry.npmjs.org/es5-ext/-/es5-ext-0.10.53.tgz",
      "integrity": "sha512-Xs2Stw6NiNHWypzRTY1MtaG/uJlwCk8kH81920ma8mvN8Xq1gsfhZvpkImLQArw8AHnv8MT2I45J3c0R8slE+Q==",
      "requires": {
        "es6-iterator": "~2.0.3",
        "es6-symbol": "~3.1.3",
        "next-tick": "~1.0.0"
      }
    },
    "es6-iterator": {
      "version": "2.0.3",
      "resolved": "https://registry.npmjs.org/es6-iterator/-/es6-iterator-2.0.3.tgz",
      "integrity": "sha1-p96IkUGgWpSwhUQDstCg+/qY87c=",
      "requires": {
        "d": "1",
        "es5-ext": "^0.10.35",
        "es6-symbol": "^3.1.1"
      }
    },
    "es6-symbol": {
      "version": "3.1.3",
      "resolved": "https://registry.npmjs.org/es6-symbol/-/es6-symbol-3.1.3.tgz",
      "integrity": "sha512-NJ6Yn3FuDinBaBRWl/q5X/s4koRHBrgKAu+yGI6JCBeiu3qrcbJhwT2GeR/EXVfylRk8dpQVJoLEFhK+Mu31NA==",
      "requires": {
        "d": "^1.0.1",
        "ext": "^1.1.2"
      }
    },
    "escape-string-regexp": {
      "version": "1.0.5",
      "resolved": "https://registry.npmjs.org/escape-string-regexp/-/escape-string-regexp-1.0.5.tgz",
      "integrity": "sha1-G2HAViGQqN/2rjuyzwIAyhMLhtQ="
    },
    "ext": {
      "version": "1.4.0",
      "resolved": "https://registry.npmjs.org/ext/-/ext-1.4.0.tgz",
      "integrity": "sha512-Key5NIsUxdqKg3vIsdw9dSuXpPCQ297y6wBjL30edxwPgt2E44WcWBZey/ZvUc6sERLTxKdyCu4gZFmUbk1Q7A==",
      "requires": {
        "type": "^2.0.0"
      },
      "dependencies": {
        "type": {
          "version": "2.0.0",
          "resolved": "https://registry.npmjs.org/type/-/type-2.0.0.tgz",
          "integrity": "sha512-KBt58xCHry4Cejnc2ISQAF7QY+ORngsWfxezO68+12hKV6lQY8P/psIkcbjeHWn7MqcgciWJyCCevFMJdIXpow=="
        }
      }
    },
    "figures": {
      "version": "1.7.0",
      "resolved": "https://registry.npmjs.org/figures/-/figures-1.7.0.tgz",
      "integrity": "sha1-y+Hjr/zxzUS4DK3+0o3Hk6lwHS4=",
      "requires": {
        "escape-string-regexp": "^1.0.5",
        "object-assign": "^4.1.0"
      }
    },
    "find": {
      "version": "0.3.0",
      "resolved": "https://registry.npmjs.org/find/-/find-0.3.0.tgz",
      "integrity": "sha512-iSd+O4OEYV/I36Zl8MdYJO0xD82wH528SaCieTVHhclgiYNe9y+yPKSwK+A7/WsmHL1EZ+pYUJBXWTL5qofksw==",
      "requires": {
        "traverse-chain": "~0.1.0"
      }
    },
    "fs-extra": {
      "version": "3.0.1",
      "resolved": "https://registry.npmjs.org/fs-extra/-/fs-extra-3.0.1.tgz",
      "integrity": "sha1-N5TzeMWLNC6n27sjCVEJxLO2IpE=",
      "requires": {
        "graceful-fs": "^4.1.2",
        "jsonfile": "^3.0.0",
        "universalify": "^0.1.0"
      }
    },
    "fs.realpath": {
      "version": "1.0.0",
      "resolved": "https://registry.npmjs.org/fs.realpath/-/fs.realpath-1.0.0.tgz",
      "integrity": "sha1-FQStJSMVjKpA20onh8sBQRmU6k8="
    },
    "gherkin": {
      "version": "4.1.3",
      "resolved": "https://registry.npmjs.org/gherkin/-/gherkin-4.1.3.tgz",
      "integrity": "sha1-EWh9uTl235djMSWmsiKKGkv9+iQ="
    },
    "glob": {
      "version": "7.1.6",
      "resolved": "https://registry.npmjs.org/glob/-/glob-7.1.6.tgz",
      "integrity": "sha512-LwaxwyZ72Lk7vZINtNNrywX0ZuLyStrdDtabefZKAY5ZGJhVtgdznluResxNmPitE0SAO+O26sWTHeKSI2wMBA==",
      "requires": {
        "fs.realpath": "^1.0.0",
        "inflight": "^1.0.4",
        "inherits": "2",
        "minimatch": "^3.0.4",
        "once": "^1.3.0",
        "path-is-absolute": "^1.0.0"
      }
    },
    "graceful-fs": {
      "version": "4.2.4",
      "resolved": "https://registry.npmjs.org/graceful-fs/-/graceful-fs-4.2.4.tgz",
      "integrity": "sha512-WjKPNJF79dtJAVniUlGGWHYGz2jWxT6VhN/4m1NdkbZ2nOsEF+cI1Edgql5zCRhs/VsQYRvrXctxktVXZUkixw=="
    },
    "has-flag": {
      "version": "4.0.0",
      "resolved": "https://registry.npmjs.org/has-flag/-/has-flag-4.0.0.tgz",
      "integrity": "sha512-EykJT/Q1KjTWctppgIAgfSO0tKVuZUjhgMr17kqTumMl6Afv3EISleU7qZUzoXDFTAHTDC4NOoG/ZxU3EvlMPQ=="
    },
    "inflight": {
      "version": "1.0.6",
      "resolved": "https://registry.npmjs.org/inflight/-/inflight-1.0.6.tgz",
      "integrity": "sha1-Sb1jMdfQLQwJvJEKEHW6gWW1bfk=",
      "requires": {
        "once": "^1.3.0",
        "wrappy": "1"
      }
    },
    "inherits": {
      "version": "2.0.4",
      "resolved": "https://registry.npmjs.org/inherits/-/inherits-2.0.4.tgz",
      "integrity": "sha512-k/vGaX4/Yla3WzyMCvTQOXYeIHvqOKtnqBduzTHpzpQZzAskKMhZ2K+EnBiSM9zGSoIFeMpXKxa4dYeZIQqewQ=="
    },
    "is-docker": {
      "version": "2.1.1",
      "resolved": "https://registry.npmjs.org/is-docker/-/is-docker-2.1.1.tgz",
      "integrity": "sha512-ZOoqiXfEwtGknTiuDEy8pN2CfE3TxMHprvNer1mXiqwkOT77Rw3YVrUQ52EqAOU3QAWDQ+bQdx7HJzrv7LS2Hw=="
    },
    "is-generator": {
      "version": "1.0.3",
      "resolved": "https://registry.npmjs.org/is-generator/-/is-generator-1.0.3.tgz",
      "integrity": "sha1-wUwhBX7TbjKNuANHlmxpP4hjifM="
    },
    "is-wsl": {
      "version": "2.2.0",
      "resolved": "https://registry.npmjs.org/is-wsl/-/is-wsl-2.2.0.tgz",
      "integrity": "sha512-fKzAra0rGJUUBwGBgNkHZuToZcn+TtXHpeCgmkMJMMYx1sQDYaCSyjJBSCa2nH1DGm7s3n1oBnohoVTBaN7Lww==",
      "requires": {
        "is-docker": "^2.0.0"
      }
    },
    "js-base64": {
      "version": "2.6.4",
      "resolved": "https://registry.npmjs.org/js-base64/-/js-base64-2.6.4.tgz",
      "integrity": "sha512-pZe//GGmwJndub7ZghVHz7vjb2LgC1m8B07Au3eYqeqv9emhESByMXxaEgkUkEqJe87oBbSniGYoQNIBklc7IQ=="
    },
    "jsonfile": {
      "version": "3.0.1",
      "resolved": "https://registry.npmjs.org/jsonfile/-/jsonfile-3.0.1.tgz",
      "integrity": "sha1-pezG9l9T9mLEQVx2daAzHQmS7GY=",
      "requires": {
        "graceful-fs": "^4.1.6"
      }
    },
    "lodash": {
      "version": "4.17.19",
      "resolved": "https://registry.npmjs.org/lodash/-/lodash-4.17.19.tgz",
      "integrity": "sha512-JNvd8XER9GQX0v2qJgsaN/mzFCNA5BRe/j8JN9d+tWyGLSodKQHKFicdwNYzWwI3wjRnaKPsGj1XkBjx/F96DQ=="
    },
    "lower-case": {
      "version": "1.1.4",
      "resolved": "https://registry.npmjs.org/lower-case/-/lower-case-1.1.4.tgz",
      "integrity": "sha1-miyr0bno4K6ZOkv31YdcOcQujqw="
    },
    "minimatch": {
      "version": "3.0.4",
      "resolved": "https://registry.npmjs.org/minimatch/-/minimatch-3.0.4.tgz",
      "integrity": "sha512-yJHVQEhyqPLUTgt9B83PXu6W3rx4MvvHvSUvToogpwoGDOUQ+yDrR0HRot+yOCdCO7u4hX3pWft6kWBBcqh0UA==",
      "requires": {
        "brace-expansion": "^1.1.7"
      }
    },
    "moment": {
      "version": "2.27.0",
      "resolved": "https://registry.npmjs.org/moment/-/moment-2.27.0.tgz",
      "integrity": "sha512-al0MUK7cpIcglMv3YF13qSgdAIqxHTO7brRtaz3DlSULbqfazqkc5kEjNrLDOM7fsjshoFIihnU8snrP7zUvhQ=="
    },
    "ms": {
      "version": "2.1.2",
      "resolved": "https://registry.npmjs.org/ms/-/ms-2.1.2.tgz",
      "integrity": "sha512-sGkPx+VjMtmA6MX27oA4FBFELFCZZ4S4XqeGOXCv68tT+jb3vk/RyaKWP0PTKyWtmLSM0b+adUTEvbs1PEaH2w=="
    },
    "multiple-cucumber-html-reporter": {
      "version": "1.18.0",
      "resolved": "https://registry.npmjs.org/multiple-cucumber-html-reporter/-/multiple-cucumber-html-reporter-1.18.0.tgz",
      "integrity": "sha512-sjOFzLEn4MlYoHOlELwYvJGGYi+CZpSnweLk2v2o2X+iSa1K9po28uVTWtrj9melbmd8ZYdVmwuZ2lKg8KCAAA==",
      "requires": {
        "chalk": "^3.0.0",
        "find": "^0.3.0",
        "fs-extra": "^8.1.0",
        "js-base64": "^2.5.1",
        "jsonfile": "^5.0.0",
        "lodash": "^4.17.19",
        "moment": "^2.24.0",
        "open": "^7.0.2",
        "uuid": "^3.4.0"
      },
      "dependencies": {
        "fs-extra": {
          "version": "8.1.0",
          "resolved": "https://registry.npmjs.org/fs-extra/-/fs-extra-8.1.0.tgz",
          "integrity": "sha512-yhlQgA6mnOJUKOsRUFsgJdQCvkKhcz8tlZG5HBQfReYZy46OwLcY+Zia0mtdHsOo9y/hP+CxMN0TU9QxoOtG4g==",
          "requires": {
            "graceful-fs": "^4.2.0",
            "jsonfile": "^4.0.0",
            "universalify": "^0.1.0"
          },
          "dependencies": {
            "jsonfile": {
              "version": "4.0.0",
              "resolved": "https://registry.npmjs.org/jsonfile/-/jsonfile-4.0.0.tgz",
              "integrity": "sha1-h3Gq4HmbZAdrdmQPygWPnBDjPss=",
              "requires": {
                "graceful-fs": "^4.1.6"
              }
            }
          }
        },
        "jsonfile": {
          "version": "5.0.0",
          "resolved": "https://registry.npmjs.org/jsonfile/-/jsonfile-5.0.0.tgz",
          "integrity": "sha512-NQRZ5CRo74MhMMC3/3r5g2k4fjodJ/wh8MxjFbCViWKFjxrnudWSY5vomh+23ZaXzAS7J3fBZIR2dV6WbmfM0w==",
          "requires": {
            "graceful-fs": "^4.1.6",
            "universalify": "^0.1.2"
          }
        }
      }
    },
    "next-tick": {
      "version": "1.0.0",
      "resolved": "https://registry.npmjs.org/next-tick/-/next-tick-1.0.0.tgz",
      "integrity": "sha1-yobR/ogoFpsBICCOPchCS524NCw="
    },
    "no-case": {
      "version": "2.3.2",
      "resolved": "https://registry.npmjs.org/no-case/-/no-case-2.3.2.tgz",
      "integrity": "sha512-rmTZ9kz+f3rCvK2TD1Ue/oZlns7OGoIWP4fc3llxxRXlOkHKoWPPWJOfFYpITabSow43QJbRIoHQXtt10VldyQ==",
      "requires": {
        "lower-case": "^1.1.1"
      }
    },
    "object-assign": {
      "version": "4.1.1",
      "resolved": "https://registry.npmjs.org/object-assign/-/object-assign-4.1.1.tgz",
      "integrity": "sha1-IQmtx5ZYh8/AXLvUQsrIv7s2CGM="
    },
    "once": {
      "version": "1.4.0",
      "resolved": "https://registry.npmjs.org/once/-/once-1.4.0.tgz",
      "integrity": "sha1-WDsap3WWHUsROsF9nFC6753Xa9E=",
      "requires": {
        "wrappy": "1"
      }
    },
    "open": {
      "version": "7.1.0",
      "resolved": "https://registry.npmjs.org/open/-/open-7.1.0.tgz",
      "integrity": "sha512-lLPI5KgOwEYCDKXf4np7y1PBEkj7HYIyP2DY8mVDRnx0VIIu6bNrRB0R66TuO7Mack6EnTNLm4uvcl1UoklTpA==",
      "requires": {
        "is-docker": "^2.0.0",
        "is-wsl": "^2.1.1"
      }
    },
    "os-tmpdir": {
      "version": "1.0.2",
      "resolved": "https://registry.npmjs.org/os-tmpdir/-/os-tmpdir-1.0.2.tgz",
      "integrity": "sha1-u+Z0BseaqFxc/sdm/lc0VV36EnQ="
    },
    "path-is-absolute": {
      "version": "1.0.1",
      "resolved": "https://registry.npmjs.org/path-is-absolute/-/path-is-absolute-1.0.1.tgz",
      "integrity": "sha1-F0uSaHNVNP+8es5r9TpanhtcX18="
    },
    "protractor-cucumber-framework": {
      "version": "6.2.1",
      "resolved": "https://registry.npmjs.org/protractor-cucumber-framework/-/protractor-cucumber-framework-6.2.1.tgz",
      "integrity": "sha512-ZKOvX0Yoq2aL1nrlX5RzeHB9jtWGGiuaqqTPUvPXpyAFbrs3wfDAmMwrdWjg8m62wEhamZMVQIYqSPMPd9obMw==",
      "requires": {
        "debug": "^3.1.0",
        "glob": "^7.1.2",
        "q": "^1.5.1",
        "tmp": "^0.0.33"
      }
    },
    "protractor-multiple-cucumber-html-reporter-plugin": {
      "version": "1.8.1",
      "resolved": "https://registry.npmjs.org/protractor-multiple-cucumber-html-reporter-plugin/-/protractor-multiple-cucumber-html-reporter-plugin-1.8.1.tgz",
      "integrity": "sha512-VBCKK8eCF4hDqbugU+skkmWw1EBmHwd9ZqgABKSC9jGV7yR69V+0/2Qg/QC+nCSeyXj/3OHEfDoISl/eCoToTg==",
      "requires": {
        "fs-extra": "^3.0.1",
        "multiple-cucumber-html-reporter": "^1.11.7"
      }
    },
    "q": {
      "version": "1.5.1",
      "resolved": "https://registry.npmjs.org/q/-/q-1.5.1.tgz",
      "integrity": "sha1-fjL3W0E4EpHQRhHxvxQQmsAGUdc="
    },
    "save-dev": {
      "version": "0.0.1-security",
      "resolved": "https://registry.npmjs.org/save-dev/-/save-dev-0.0.1-security.tgz",
      "integrity": "sha512-k6knZTDNK8PKKbIqnvxiOveJinuw2LcQjqDoaorZWP9M5AR2EPsnpDeSbeoZZ0pHr5ze1uoaKdK8NBGQrJ34Uw=="
    },
    "source-map": {
      "version": "0.5.6",
      "resolved": "https://registry.npmjs.org/source-map/-/source-map-0.5.6.tgz",
      "integrity": "sha1-dc449SvwczxafwwRjYEzSiu19BI="
    },
    "stack-chain": {
      "version": "1.3.7",
      "resolved": "https://registry.npmjs.org/stack-chain/-/stack-chain-1.3.7.tgz",
      "integrity": "sha1-0ZLJ/06moiyUxN1FkXHj8AzqEoU="
    },
    "stack-generator": {
      "version": "1.1.0",
      "resolved": "https://registry.npmjs.org/stack-generator/-/stack-generator-1.1.0.tgz",
      "integrity": "sha1-NvapIHUabBD0maE8Msu19RoLiyU=",
      "requires": {
        "stackframe": "^1.0.2"
      },
      "dependencies": {
        "stackframe": {
          "version": "1.2.0",
          "resolved": "https://registry.npmjs.org/stackframe/-/stackframe-1.2.0.tgz",
          "integrity": "sha512-GrdeshiRmS1YLMYgzF16olf2jJ/IzxXY9lhKOskuVziubpTYcYqyOwYeJKzQkwy7uN0fYSsbsC4RQaXf9LCrYA=="
        }
      }
    },
    "stackframe": {
      "version": "0.3.1",
      "resolved": "https://registry.npmjs.org/stackframe/-/stackframe-0.3.1.tgz",
      "integrity": "sha1-M6qE8Rd6VUjIk1Uzy/6zQgl19aQ="
    },
    "stacktrace-gps": {
      "version": "2.4.4",
      "resolved": "https://registry.npmjs.org/stacktrace-gps/-/stacktrace-gps-2.4.4.tgz",
      "integrity": "sha1-acgn6dbW9Bz0ONfxleLjy/zyjEQ=",
      "requires": {
        "source-map": "0.5.6",
        "stackframe": "~0.3"
      }
    },
    "stacktrace-js": {
      "version": "1.3.1",
      "resolved": "https://registry.npmjs.org/stacktrace-js/-/stacktrace-js-1.3.1.tgz",
      "integrity": "sha1-Z8qyWJr1xBe5Yvc2mUAne7O2oYs=",
      "requires": {
        "error-stack-parser": "^1.3.6",
        "stack-generator": "^1.0.7",
        "stacktrace-gps": "^2.4.3"
      }
    },
    "supports-color": {
      "version": "7.1.0",
      "resolved": "https://registry.npmjs.org/supports-color/-/supports-color-7.1.0.tgz",
      "integrity": "sha512-oRSIpR8pxT1Wr2FquTNnGet79b3BWljqOuoW/h4oBhxJ/HUbX5nX6JSruTkvXDCFMwDPvsaTTbvMLKZWSy0R5g==",
      "requires": {
        "has-flag": "^4.0.0"
      }
    },
    "tmp": {
      "version": "0.0.33",
      "resolved": "https://registry.npmjs.org/tmp/-/tmp-0.0.33.tgz",
      "integrity": "sha512-jRCJlojKnZ3addtTOjdIqoRuPEKBvNXcGYqzO6zWZX8KfKEpnGY5jfggJQ3EjKuu8D4bJRr0y+cYJFmYbImXGw==",
      "requires": {
        "os-tmpdir": "~1.0.2"
      }
    },
    "traverse-chain": {
      "version": "0.1.0",
      "resolved": "https://registry.npmjs.org/traverse-chain/-/traverse-chain-0.1.0.tgz",
      "integrity": "sha1-YdvC1Ttp/2CRoSoWj9fUMxB+QPE="
    },
    "type": {
      "version": "1.2.0",
      "resolved": "https://registry.npmjs.org/type/-/type-1.2.0.tgz",
      "integrity": "sha512-+5nt5AAniqsCnu2cEQQdpzCAh33kVx8n0VoFidKpB1dVVLAN/F+bgVOqOJqOnEnrhp222clB5p3vUlD+1QAnfg=="
    },
    "universalify": {
      "version": "0.1.2",
      "resolved": "https://registry.npmjs.org/universalify/-/universalify-0.1.2.tgz",
      "integrity": "sha512-rBJeI5CXAlmy1pV+617WB9J63U6XcazHHF2f2dbJix4XzpUF0RS3Zbj0FGIOCAva5P/d/GBOYaACQ1w+0azUkg=="
    },
    "upper-case": {
      "version": "1.1.3",
      "resolved": "https://registry.npmjs.org/upper-case/-/upper-case-1.1.3.tgz",
      "integrity": "sha1-9rRQHC7EzdJrp4vnIilh3ndiFZg="
    },
    "uuid": {
      "version": "3.4.0",
      "resolved": "https://registry.npmjs.org/uuid/-/uuid-3.4.0.tgz",
      "integrity": "sha512-HjSDRw6gZE5JMggctHBcjVak08+KEVhSIiDzFnT9S9aegmp85S/bReBVTb4QTFaRNptJ9kuYaNhnbNEOkbKb/A=="
    },
    "wrappy": {
      "version": "1.0.2",
      "resolved": "https://registry.npmjs.org/wrappy/-/wrappy-1.0.2.tgz",
      "integrity": "sha1-tSQ9jz7BqjXxNkYFvA0QNuMKtp8="
    }
  }
}
